{
  "originHash" : "8980f2f59a5e87ee78cda90b759a85a642eb10bb066379fc8de2833a961c1260",
  "pins" : [
    {
      "identity" : "clerk-ios",
      "kind" : "remoteSourceControl",
      "location" : "https://github.com/clerk/clerk-ios",
      "state" : {
        "revision" : "0a5f0052b00d60d8144c261748929757a6b94952",
        "version" : "0.57.0"
      }
    },
    {
      "identity" : "convex-swift",
      "kind" : "remoteSourceControl",
      "location" : "https://github.com/get-convex/convex-swift",
      "state" : {
        "revision" : "a603bc850245f23ce3ce36b223ec7340981c2203",
        "version" : "0.5.5"
      }
    },
    {
      "identity" : "factory",
      "kind" : "remoteSourceControl",
      "location" : "https://github.com/hmlongco/Factory",
      "state" : {
        "revision" : "56129530a97d89d03f610685d348d333af4989bb",
        "version" : "2.5.2"
      }
    },
    {
      "identity" : "get",
      "kind" : "remoteSourceControl",
      "location" : "https://github.com/kean/Get",
      "state" : {
        "revision" : "31249885da1052872e0ac91a2943f62567c0d96d",
        "version" : "2.2.1"
      }
    },
    {
      "identity" : "simplekeychain",
      "kind" : "remoteSourceControl",
      "location" : "https://github.com/auth0/SimpleKeychain",
      "state" : {
        "revision" : "776c4a6db74d5c6c143974be91c383680d468630",
        "version" : "1.3.0"
      }
    }
  ],
  "version" : 3
}
